# This file is automatically @generated by Cargo.
# It is not intended for manual editing.
version = 3

[[package]]
name = "bitflags"
version = "1.3.2"
source = "registry+https://github.com/rust-lang/crates.io-index"
checksum = "bef38d45163c2f1dde094a7dfd33ccf595c92905c8f8f4fdc18d06fb1037718a"

[[package]]
name = "buddy_allocator"
version = "0.6.2"
dependencies = [
 "share",
 "spin 0.7.1",
]

[[package]]
name = "cfg-if"
version = "1.0.0"
source = "registry+https://github.com/rust-lang/crates.io-index"
checksum = "baf1de4339761588bc0619e3cbc0120ee582ebb74b53b4efbf79117bd2da40fd"

[[package]]
name = "easy-fs"
version = "0.1.0"
dependencies = [
 "lazy_static",
 "share",
 "spin 0.7.1",
]

[[package]]
name = "fs"
version = "0.1.0"
dependencies = [
 "bitflags",
 "easy-fs",
 "lazy_static",
 "share",
 "spin 0.7.1",
 "user_lib",
]

[[package]]
name = "init"
version = "0.1.0"
dependencies = [
 "share",
 "user_lib",
]

[[package]]
name = "lazy_static"
version = "1.4.0"
source = "registry+https://github.com/rust-lang/crates.io-index"
checksum = "e2abad23fbc42b3700f2f279844dc832adb2b2eb069b2df918f455c4e18cc646"
dependencies = [
 "spin 0.5.2",
]

[[package]]
name = "log"
version = "0.4.16"
source = "registry+https://github.com/rust-lang/crates.io-index"
checksum = "6389c490849ff5bc16be905ae24bc913a9c8892e19b2341dbc175e14c341c2b8"
dependencies = [
 "cfg-if",
]

[[package]]
name = "share"
version = "0.1.0"
dependencies = [
 "bitflags",
]

[[package]]
name = "spin"
version = "0.5.2"
source = "registry+https://github.com/rust-lang/crates.io-index"
checksum = "6e63cff320ae2c57904679ba7cb63280a3dc4613885beafb148ee7bf9aa9042d"

[[package]]
name = "spin"
version = "0.7.1"
source = "registry+https://github.com/rust-lang/crates.io-index"
checksum = "13287b4da9d1207a4f4929ac390916d64eacfe236a487e9a9f5b3be392be5162"

[[package]]
name = "terminal"
version = "0.1.0"
dependencies = [
 "lazy_static",
 "share",
 "user_lib",
]

[[package]]
name = "user_lib"
version = "0.1.0"
dependencies = [
 "buddy_allocator",
 "lazy_static",
 "share",
 "spin 0.7.1",
]

[[package]]
name = "virtio-blk"
version = "0.1.0"
dependencies = [
 "bitflags",
 "log",
 "share",
 "user_lib",
 "volatile",
]

[[package]]
name = "volatile"
version = "0.3.0"
source = "registry+https://github.com/rust-lang/crates.io-index"
checksum = "f8e76fae08f03f96e166d2dfda232190638c10e0383841252416f9cfe2ae60e6"
